
Microsoft Visual Studio Solution File, Format Version 12.00
# Visual Studio Version 16
VisualStudioVersion = 16.0.32228.343
MinimumVisualStudioVersion = 10.0.40219.1
Project("{FAE04EC0-301F-11D3-BF4B-00C04F79EFBC}") = "Domain", "Domain\Domain.csproj", "{22E43095-9A80-40B9-9C01-97FFFA4A7DCD}"
EndProject
Project("{FAE04EC0-301F-11D3-BF4B-00C04F79EFBC}") = "HomeworkClass07", "HomeworkClass07\HomeworkClass07.csproj", "{E4AB2525-4D79-4544-B12F-9D332804BC38}"
EndProject
Global
	GlobalSection(SolutionConfigurationPlatforms) = preSolution
		Debug|Any CPU = Debug|Any CPU
		Release|Any CPU = Release|Any CPU
	EndGlobalSection
	GlobalSection(ProjectConfigurationPlatforms) = postSolution
		{22E43095-9A80-40B9-9C01-97FFFA4A7DCD}.Debug|Any CPU.ActiveCfg = Debug|Any CPU
		{22E43095-9A80-40B9-9C01-97FFFA4A7DCD}.Debug|Any CPU.Build.0 = Debug|Any CPU
		{22E43095-9A80-40B9-9C01-97FFFA4A7DCD}.Release|Any CPU.ActiveCfg = Release|Any CPU
		{22E43095-9A80-40B9-9C01-97FFFA4A7DCD}.Release|Any CPU.Build.0 = Release|Any CPU
		{E4AB2525-4D79-4544-B12F-9D332804BC38}.Debug|Any CPU.ActiveCfg = Debug|Any CPU
		{E4AB2525-4D79-4544-B12F-9D332804BC38}.Debug|Any CPU.Build.0 = Debug|Any CPU
		{E4AB2525-4D79-4544-B12F-9D332804BC38}.Release|Any CPU.ActiveCfg = Release|Any CPU
		{E4AB2525-4D79-4544-B12F-9D332804BC38}.Release|Any CPU.Build.0 = Release|Any CPU
	EndGlobalSection
	GlobalSection(SolutionProperties) = preSolution
		HideSolutionNode = FALSE
	EndGlobalSection
	GlobalSection(ExtensibilityGlobals) = postSolution
		SolutionGuid = {122A060B-B836-4F62-8375-46F06001F52E}
	EndGlobalSection
EndGlobal
