
Microsoft Visual Studio Solution File, Format Version 12.00
# Visual Studio Version 16
VisualStudioVersion = 16.0.32228.343
MinimumVisualStudioVersion = 10.0.40219.1
Project("{9A19103F-16F7-4668-BE54-9A1E7A4F7556}") = "Human", "Class05Homework\Human.csproj", "{337FA083-B422-4908-B37B-43E861F61B25}"
EndProject
Project("{9A19103F-16F7-4668-BE54-9A1E7A4F7556}") = "AgeCalculator", "AgeCalculator\AgeCalculator.csproj", "{7CD62FF6-F7E4-4311-B533-7942F3C061A2}"
EndProject
Global
	GlobalSection(SolutionConfigurationPlatforms) = preSolution
		Debug|Any CPU = Debug|Any CPU
		Release|Any CPU = Release|Any CPU
	EndGlobalSection
	GlobalSection(ProjectConfigurationPlatforms) = postSolution
		{337FA083-B422-4908-B37B-43E861F61B25}.Debug|Any CPU.ActiveCfg = Debug|Any CPU
		{337FA083-B422-4908-B37B-43E861F61B25}.Debug|Any CPU.Build.0 = Debug|Any CPU
		{337FA083-B422-4908-B37B-43E861F61B25}.Release|Any CPU.ActiveCfg = Release|Any CPU
		{337FA083-B422-4908-B37B-43E861F61B25}.Release|Any CPU.Build.0 = Release|Any CPU
		{7CD62FF6-F7E4-4311-B533-7942F3C061A2}.Debug|Any CPU.ActiveCfg = Debug|Any CPU
		{7CD62FF6-F7E4-4311-B533-7942F3C061A2}.Debug|Any CPU.Build.0 = Debug|Any CPU
		{7CD62FF6-F7E4-4311-B533-7942F3C061A2}.Release|Any CPU.ActiveCfg = Release|Any CPU
		{7CD62FF6-F7E4-4311-B533-7942F3C061A2}.Release|Any CPU.Build.0 = Release|Any CPU
	EndGlobalSection
	GlobalSection(SolutionProperties) = preSolution
		HideSolutionNode = FALSE
	EndGlobalSection
	GlobalSection(ExtensibilityGlobals) = postSolution
		SolutionGuid = {40BDF4BB-9B54-47BE-9A14-64B5CD65A263}
	EndGlobalSection
EndGlobal
