
Microsoft Visual Studio Solution File, Format Version 12.00
# Visual Studio Version 16
VisualStudioVersion = 16.0.32228.343
MinimumVisualStudioVersion = 10.0.40219.1
Project("{FAE04EC0-301F-11D3-BF4B-00C04F79EFBC}") = "Homework class 03", "Homework class 03\Homework class 03.csproj", "{99F3E8EB-B728-4B24-BE39-366CB6E12F29}"
EndProject
Project("{FAE04EC0-301F-11D3-BF4B-00C04F79EFBC}") = "FindStatistics", "Task1\FindStatistics.csproj", "{60395D06-E5A0-43D0-AFC3-93D83DD2845A}"
EndProject
Project("{FAE04EC0-301F-11D3-BF4B-00C04F79EFBC}") = "SumOfEven", "SumOfEven\SumOfEven.csproj", "{0514BA4C-F8A5-464F-9581-554C3A3CBEA5}"
EndProject
Project("{FAE04EC0-301F-11D3-BF4B-00C04F79EFBC}") = "Task 3", "Task 3\Task 3.csproj", "{5F91EF97-D2E3-47EC-B9EA-C40A22C72638}"
EndProject
Project("{FAE04EC0-301F-11D3-BF4B-00C04F79EFBC}") = "Task 4", "Task 4\Task 4.csproj", "{7D2973CC-5A7B-4737-B22F-BA8BD4B7010D}"
EndProject
Global
	GlobalSection(SolutionConfigurationPlatforms) = preSolution
		Debug|Any CPU = Debug|Any CPU
		Release|Any CPU = Release|Any CPU
	EndGlobalSection
	GlobalSection(ProjectConfigurationPlatforms) = postSolution
		{99F3E8EB-B728-4B24-BE39-366CB6E12F29}.Debug|Any CPU.ActiveCfg = Debug|Any CPU
		{99F3E8EB-B728-4B24-BE39-366CB6E12F29}.Debug|Any CPU.Build.0 = Debug|Any CPU
		{99F3E8EB-B728-4B24-BE39-366CB6E12F29}.Release|Any CPU.ActiveCfg = Release|Any CPU
		{99F3E8EB-B728-4B24-BE39-366CB6E12F29}.Release|Any CPU.Build.0 = Release|Any CPU
		{60395D06-E5A0-43D0-AFC3-93D83DD2845A}.Debug|Any CPU.ActiveCfg = Debug|Any CPU
		{60395D06-E5A0-43D0-AFC3-93D83DD2845A}.Debug|Any CPU.Build.0 = Debug|Any CPU
		{60395D06-E5A0-43D0-AFC3-93D83DD2845A}.Release|Any CPU.ActiveCfg = Release|Any CPU
		{60395D06-E5A0-43D0-AFC3-93D83DD2845A}.Release|Any CPU.Build.0 = Release|Any CPU
		{0514BA4C-F8A5-464F-9581-554C3A3CBEA5}.Debug|Any CPU.ActiveCfg = Debug|Any CPU
		{0514BA4C-F8A5-464F-9581-554C3A3CBEA5}.Debug|Any CPU.Build.0 = Debug|Any CPU
		{0514BA4C-F8A5-464F-9581-554C3A3CBEA5}.Release|Any CPU.ActiveCfg = Release|Any CPU
		{0514BA4C-F8A5-464F-9581-554C3A3CBEA5}.Release|Any CPU.Build.0 = Release|Any CPU
		{5F91EF97-D2E3-47EC-B9EA-C40A22C72638}.Debug|Any CPU.ActiveCfg = Debug|Any CPU
		{5F91EF97-D2E3-47EC-B9EA-C40A22C72638}.Debug|Any CPU.Build.0 = Debug|Any CPU
		{5F91EF97-D2E3-47EC-B9EA-C40A22C72638}.Release|Any CPU.ActiveCfg = Release|Any CPU
		{5F91EF97-D2E3-47EC-B9EA-C40A22C72638}.Release|Any CPU.Build.0 = Release|Any CPU
		{7D2973CC-5A7B-4737-B22F-BA8BD4B7010D}.Debug|Any CPU.ActiveCfg = Debug|Any CPU
		{7D2973CC-5A7B-4737-B22F-BA8BD4B7010D}.Debug|Any CPU.Build.0 = Debug|Any CPU
		{7D2973CC-5A7B-4737-B22F-BA8BD4B7010D}.Release|Any CPU.ActiveCfg = Release|Any CPU
		{7D2973CC-5A7B-4737-B22F-BA8BD4B7010D}.Release|Any CPU.Build.0 = Release|Any CPU
	EndGlobalSection
	GlobalSection(SolutionProperties) = preSolution
		HideSolutionNode = FALSE
	EndGlobalSection
	GlobalSection(ExtensibilityGlobals) = postSolution
		SolutionGuid = {A676393B-7759-4D88-8860-CE32981C81F7}
	EndGlobalSection
EndGlobal
